Microsoft Visual Studio Solution File, Format Version 12.00
# Visual Studio Version 17
VisualStudioVersion = 17.8.34330.188
MinimumVisualStudioVersion = 10.0.40219.1
Project("{FAE04EC0-301F-11D3-BF4B-00C04F79EFBC}") = "BeaconAudioRC", "BeaconAudioRC\BeaconAudioRC.csproj", "{A3C9E281-2292-4211-9A23-1F6B120938AA}"
EndProject
Global
	GlobalSection(SolutionConfigurationPlatforms) = preSolution
		Debug|Any CPU = Debug|Any CPU
		Release|Any CPU = Release|Any CPU
	EndGlobalSection
	GlobalSection(ProjectConfigurationPlatforms) = postSolution
		{A3C9E281-2292-4211-9A23-1F6B120938AA}.Debug|Any CPU.ActiveCfg = Debug|Any CPU
		{A3C9E281-2292-4211-9A23-1F6B120938AA}.Debug|Any CPU.Build.0 = Debug|Any CPU
		{A3C9E281-2292-4211-9A23-1F6B120938AA}.Release|Any CPU.ActiveCfg = Release|Any CPU
		{A3C9E281-2292-4211-9A23-1F6B120938AA}.Release|Any CPU.Build.0 = Release|Any CPU
	EndGlobalSection
EndGlobal